
Microsoft Visual Studio Solution File, Format Version 12.00
# Visual Studio Version 17
VisualStudioVersion = 17.13.35931.197 d17.13
MinimumVisualStudioVersion = 10.0.40219.1
Project("{FAE04EC0-301F-11D3-BF4B-00C04F79EFBC}") = "helloApp", "helloApp.csproj", "{130328F0-FEE8-46DB-9917-01667FBAA68B}"
EndProject
Global
	GlobalSection(SolutionConfigurationPlatforms) = preSolution
		Debug|Any CPU = Debug|Any CPU
		Release|Any CPU = Release|Any CPU
	EndGlobalSection
	GlobalSection(ProjectConfigurationPlatforms) = postSolution
		{130328F0-FEE8-46DB-9917-01667FBAA68B}.Debug|Any CPU.ActiveCfg = Debug|Any CPU
		{130328F0-FEE8-46DB-9917-01667FBAA68B}.Debug|Any CPU.Build.0 = Debug|Any CPU
		{130328F0-FEE8-46DB-9917-01667FBAA68B}.Release|Any CPU.ActiveCfg = Release|Any CPU
		{130328F0-FEE8-46DB-9917-01667FBAA68B}.Release|Any CPU.Build.0 = Release|Any CPU
	EndGlobalSection
	GlobalSection(SolutionProperties) = preSolution
		HideSolutionNode = FALSE
	EndGlobalSection
	GlobalSection(ExtensibilityGlobals) = postSolution
		SolutionGuid = {B9B96784-BBF9-4DC3-9E69-D9D56B9D2CBC}
	EndGlobalSection
EndGlobal
